
Microsoft Visual Studio Solution File, Format Version 12.00
# Visual Studio 2012
Project("{FAE04EC0-301F-11D3-BF4B-00C04F79EFBC}") = "ExportImportExample", "ImportExportExample\ExportImportExample.csproj", "{12B58138-394D-4FAD-A7D2-7BFB15937558}"
	GlobalSection(PureCMSourceControlProviderSolutionProperties) = preSolution
		SolutionIsControlled = True
	EndGlobalSection
EndProject
Project("{FAE04EC0-301F-11D3-BF4B-00C04F79EFBC}") = "SimpleConsoleExample", "SimpleConsoleExample\SimpleConsoleExample.csproj", "{9D517B47-E337-43CE-9DA4-C59B60AF03F9}"
	GlobalSection(PureCMSourceControlProviderSolutionProperties) = preSolution
		SolutionIsControlled = True
	EndGlobalSection
EndProject
Project("{FAE04EC0-301F-11D3-BF4B-00C04F79EFBC}") = "TriggersExample", "TriggersExample\TriggersExample.csproj", "{9C164402-4C38-48B0-B661-5EF5F7C00B2F}"
	GlobalSection(PureCMSourceControlProviderSolutionProperties) = preSolution
		SolutionIsControlled = True
	EndGlobalSection
EndProject
Global
	GlobalSection(PureCMSourceControlProviderSolutionProperties) = preSolution
		SolutionIsControlled = True
	EndGlobalSection
	GlobalSection(SolutionConfigurationPlatforms) = preSolution
		Debug|Any CPU = Debug|Any CPU
		Debug|x64 = Debug|x64
		Release|Any CPU = Release|Any CPU
		Release|x64 = Release|x64
	EndGlobalSection
	GlobalSection(ProjectConfigurationPlatforms) = postSolution
		{12B58138-394D-4FAD-A7D2-7BFB15937558}.Debug|Any CPU.ActiveCfg = Debug|Any CPU
		{12B58138-394D-4FAD-A7D2-7BFB15937558}.Debug|Any CPU.Build.0 = Debug|Any CPU
		{12B58138-394D-4FAD-A7D2-7BFB15937558}.Debug|x64.ActiveCfg = Debug|Any CPU
		{12B58138-394D-4FAD-A7D2-7BFB15937558}.Release|Any CPU.ActiveCfg = Release|Any CPU
		{12B58138-394D-4FAD-A7D2-7BFB15937558}.Release|Any CPU.Build.0 = Release|Any CPU
		{12B58138-394D-4FAD-A7D2-7BFB15937558}.Release|x64.ActiveCfg = Release|Any CPU
		{9D517B47-E337-43CE-9DA4-C59B60AF03F9}.Debug|Any CPU.ActiveCfg = Debug|Any CPU
		{9D517B47-E337-43CE-9DA4-C59B60AF03F9}.Debug|Any CPU.Build.0 = Debug|Any CPU
		{9D517B47-E337-43CE-9DA4-C59B60AF03F9}.Debug|x64.ActiveCfg = Debug|Any CPU
		{9D517B47-E337-43CE-9DA4-C59B60AF03F9}.Release|Any CPU.ActiveCfg = Release|Any CPU
		{9D517B47-E337-43CE-9DA4-C59B60AF03F9}.Release|Any CPU.Build.0 = Release|Any CPU
		{9D517B47-E337-43CE-9DA4-C59B60AF03F9}.Release|x64.ActiveCfg = Release|Any CPU
		{9C164402-4C38-48B0-B661-5EF5F7C00B2F}.Debug|Any CPU.ActiveCfg = Debug|Any CPU
		{9C164402-4C38-48B0-B661-5EF5F7C00B2F}.Debug|Any CPU.Build.0 = Debug|Any CPU
		{9C164402-4C38-48B0-B661-5EF5F7C00B2F}.Debug|x64.ActiveCfg = Debug|Any CPU
		{9C164402-4C38-48B0-B661-5EF5F7C00B2F}.Release|Any CPU.ActiveCfg = Release|Any CPU
		{9C164402-4C38-48B0-B661-5EF5F7C00B2F}.Release|Any CPU.Build.0 = Release|Any CPU
		{9C164402-4C38-48B0-B661-5EF5F7C00B2F}.Release|x64.ActiveCfg = Release|Any CPU
	EndGlobalSection
	GlobalSection(SolutionProperties) = preSolution
		HideSolutionNode = FALSE
	EndGlobalSection
EndGlobal
